// !$*UTF8*$!
{
	archiveVersion = 1;
	classes = {
	};
	objectVersion = 50;
	objects = {

/* Begin PBXBuildFile section */
		640175752174EDC600CF976E /* DataController.swift in Sources */ = {isa = PBXBuildFile; fileRef = 640175742174EDC600CF976E /* DataController.swift */; };
		6408EF9421751F15002D0817 /* ConvertToNSManagedObject.swift in Sources */ = {isa = PBXBuildFile; fileRef = 6408EF9321751F15002D0817 /* ConvertToNSManagedObject.swift */; };
		6408EF96217523FB002D0817 /* Float+Extensions.swift in Sources */ = {isa = PBXBuildFile; fileRef = 6408EF95217523FB002D0817 /* Float+Extensions.swift */; };
		64893A6321655167008FAB0C /* ColumnFlowLayout.swift in Sources */ = {isa = PBXBuildFile; fileRef = 64893A6221655167008FAB0C /* ColumnFlowLayout.swift */; };
		64893A6521655536008FAB0C /* ForecastCell.swift in Sources */ = {isa = PBXBuildFile; fileRef = 64893A6421655536008FAB0C /* ForecastCell.swift */; };
		64A8269521688E820099901F /* major_cities.json in Resources */ = {isa = PBXBuildFile; fileRef = 64A8269421688E820099901F /* major_cities.json */; };
		64D8ABC4216671CA001540CF /* SelectCityViewController.swift in Sources */ = {isa = PBXBuildFile; fileRef = 64D8ABC3216671CA001540CF /* SelectCityViewController.swift */; };
		64F39B692163C9EC0075E1AE /* AppDelegate.swift in Sources */ = {isa = PBXBuildFile; fileRef = 64F39B682163C9EC0075E1AE /* AppDelegate.swift */; };
		64F39B6E2163C9EC0075E1AE /* Main.storyboard in Resources */ = {isa = PBXBuildFile; fileRef = 64F39B6C2163C9EC0075E1AE /* Main.storyboard */; };
		64F39B712163C9EC0075E1AE /* Weather_App.xcdatamodeld in Sources */ = {isa = PBXBuildFile; fileRef = 64F39B6F2163C9EC0075E1AE /* Weather_App.xcdatamodeld */; };
		64F39B762163C9EE0075E1AE /* LaunchScreen.storyboard in Resources */ = {isa = PBXBuildFile; fileRef = 64F39B742163C9EE0075E1AE /* LaunchScreen.storyboard */; };
		64F39B7E2163D2580075E1AE /* CitiesViewController.swift in Sources */ = {isa = PBXBuildFile; fileRef = 64F39B7D2163D2580075E1AE /* CitiesViewController.swift */; };
		64F39B832163F8A40075E1AE /* CityCell.swift in Sources */ = {isa = PBXBuildFile; fileRef = 64F39B812163F8A40075E1AE /* CityCell.swift */; };
		64F39B86216402FD0075E1AE /* CityDetailViewController.swift in Sources */ = {isa = PBXBuildFile; fileRef = 64F39B85216402FD0075E1AE /* CityDetailViewController.swift */; };
		64F5C08A216519D800CF0CF7 /* UIColor+Extension.swift in Sources */ = {isa = PBXBuildFile; fileRef = 64F5C089216519D800CF0CF7 /* UIColor+Extension.swift */; };
		64F9FED22177BEBC00F5A51F /* WeatherForecast+Extension.swift in Sources */ = {isa = PBXBuildFile; fileRef = 64F9FED12177BEBC00F5A51F /* WeatherForecast+Extension.swift */; };
		64F9FED42177C86400F5A51F /* Weather+Extension.swift in Sources */ = {isa = PBXBuildFile; fileRef = 64F9FED32177C86400F5A51F /* Weather+Extension.swift */; };
		64FA4C44216BB42E00A13CFE /* Date+Extension.swift in Sources */ = {isa = PBXBuildFile; fileRef = 64FA4C43216BB42E00A13CFE /* Date+Extension.swift */; };
		64FA4C46216BBD6500A13CFE /* Assets.xcassets in Resources */ = {isa = PBXBuildFile; fileRef = 64FA4C45216BBD6500A13CFE /* Assets.xcassets */; };
		64FA5CB6216A0926005928A0 /* WeatherData.swift in Sources */ = {isa = PBXBuildFile; fileRef = 64FA5CB5216A0926005928A0 /* WeatherData.swift */; };
		64FA5CBA216A4EC6005928A0 /* WeatherForecast.swift in Sources */ = {isa = PBXBuildFile; fileRef = 64FA5CB9216A4EC6005928A0 /* WeatherForecast.swift */; };
		64FA5CBC216A58A5005928A0 /* String+Extention.swift in Sources */ = {isa = PBXBuildFile; fileRef = 64FA5CBB216A58A5005928A0 /* String+Extention.swift */; };
		64FA5CBE216A8ADC005928A0 /* Array+Extension.swift in Sources */ = {isa = PBXBuildFile; fileRef = 64FA5CBD216A8ADC005928A0 /* Array+Extension.swift */; };
		64FA6358216D03F000515ABE /* GetWeatherJSON.swift in Sources */ = {isa = PBXBuildFile; fileRef = 64FA6357216D03F000515ABE /* GetWeatherJSON.swift */; };
		64FAA1EF2167B43E0004B8EF /* Settings.swift in Sources */ = {isa = PBXBuildFile; fileRef = 64FAA1EE2167B43E0004B8EF /* Settings.swift */; };
		64FAE2FB216E515A00860D6F /* JSONWeatherParsingProtocol.swift in Sources */ = {isa = PBXBuildFile; fileRef = 64FAE2FA216E515A00860D6F /* JSONWeatherParsingProtocol.swift */; };
		64FCC07D217A55F600AFDB22 /* Reachability.swift in Sources */ = {isa = PBXBuildFile; fileRef = 64FCC07C217A55F600AFDB22 /* Reachability.swift */; };
		B63D6660CD16C714EE52F7AB /* Pods_Weather_App.framework in Frameworks */ = {isa = PBXBuildFile; fileRef = 96F68E9BBEA3229C589B675C /* Pods_Weather_App.framework */; };
/* End PBXBuildFile section */

/* Begin PBXFileReference section */
		640175742174EDC600CF976E /* DataController.swift */ = {isa = PBXFileReference; lastKnownFileType = sourcecode.swift; path = DataController.swift; sourceTree = "<group>"; };
		6408EF9321751F15002D0817 /* ConvertToNSManagedObject.swift */ = {isa = PBXFileReference; lastKnownFileType = sourcecode.swift; path = ConvertToNSManagedObject.swift; sourceTree = "<group>"; };
		6408EF95217523FB002D0817 /* Float+Extensions.swift */ = {isa = PBXFileReference; lastKnownFileType = sourcecode.swift; path = "Float+Extensions.swift"; sourceTree = "<group>"; };
		64893A6221655167008FAB0C /* ColumnFlowLayout.swift */ = {isa = PBXFileReference; lastKnownFileType = sourcecode.swift; path = ColumnFlowLayout.swift; sourceTree = "<group>"; };
		64893A6421655536008FAB0C /* ForecastCell.swift */ = {isa = PBXFileReference; lastKnownFileType = sourcecode.swift; path = ForecastCell.swift; sourceTree = "<group>"; };
		64A8269421688E820099901F /* major_cities.json */ = {isa = PBXFileReference; fileEncoding = 4; lastKnownFileType = text.json; path = major_cities.json; sourceTree = "<group>"; };
		64D8ABC3216671CA001540CF /* SelectCityViewController.swift */ = {isa = PBXFileReference; lastKnownFileType = sourcecode.swift; path = SelectCityViewController.swift; sourceTree = "<group>"; };
		64F39B652163C9EC0075E1AE /* Weather App.app */ = {isa = PBXFileReference; explicitFileType = wrapper.application; includeInIndex = 0; path = "Weather App.app"; sourceTree = BUILT_PRODUCTS_DIR; };
		64F39B682163C9EC0075E1AE /* AppDelegate.swift */ = {isa = PBXFileReference; lastKnownFileType = sourcecode.swift; path = AppDelegate.swift; sourceTree = "<group>"; };
		64F39B6D2163C9EC0075E1AE /* Base */ = {isa = PBXFileReference; lastKnownFileType = file.storyboard; name = Base; path = Base.lproj/Main.storyboard; sourceTree = "<group>"; };
		64F39B702163C9EC0075E1AE /* Weather_App.xcdatamodel */ = {isa = PBXFileReference; lastKnownFileType = wrapper.xcdatamodel; path = Weather_App.xcdatamodel; sourceTree = "<group>"; };
		64F39B752163C9EE0075E1AE /* Base */ = {isa = PBXFileReference; lastKnownFileType = file.storyboard; name = Base; path = Base.lproj/LaunchScreen.storyboard; sourceTree = "<group>"; };
		64F39B772163C9EE0075E1AE /* Info.plist */ = {isa = PBXFileReference; lastKnownFileType = text.plist.xml; path = Info.plist; sourceTree = "<group>"; };
		64F39B7D2163D2580075E1AE /* CitiesViewController.swift */ = {isa = PBXFileReference; lastKnownFileType = sourcecode.swift; path = CitiesViewController.swift; sourceTree = "<group>"; };
		64F39B812163F8A40075E1AE /* CityCell.swift */ = {isa = PBXFileReference; lastKnownFileType = sourcecode.swift; path = CityCell.swift; sourceTree = "<group>"; };
		64F39B85216402FD0075E1AE /* CityDetailViewController.swift */ = {isa = PBXFileReference; lastKnownFileType = sourcecode.swift; path = CityDetailViewController.swift; sourceTree = "<group>"; };
		64F5C089216519D800CF0CF7 /* UIColor+Extension.swift */ = {isa = PBXFileReference; lastKnownFileType = sourcecode.swift; path = "UIColor+Extension.swift"; sourceTree = "<group>"; };
		64F9FED12177BEBC00F5A51F /* WeatherForecast+Extension.swift */ = {isa = PBXFileReference; lastKnownFileType = sourcecode.swift; path = "WeatherForecast+Extension.swift"; sourceTree = "<group>"; };
		64F9FED32177C86400F5A51F /* Weather+Extension.swift */ = {isa = PBXFileReference; lastKnownFileType = sourcecode.swift; path = "Weather+Extension.swift"; sourceTree = "<group>"; };
		64FA4C43216BB42E00A13CFE /* Date+Extension.swift */ = {isa = PBXFileReference; lastKnownFileType = sourcecode.swift; path = "Date+Extension.swift"; sourceTree = "<group>"; };
		64FA4C45216BBD6500A13CFE /* Assets.xcassets */ = {isa = PBXFileReference; lastKnownFileType = folder.assetcatalog; path = Assets.xcassets; sourceTree = "<group>"; };
		64FA5CB5216A0926005928A0 /* WeatherData.swift */ = {isa = PBXFileReference; lastKnownFileType = sourcecode.swift; path = WeatherData.swift; sourceTree = "<group>"; };
		64FA5CB9216A4EC6005928A0 /* WeatherForecast.swift */ = {isa = PBXFileReference; lastKnownFileType = sourcecode.swift; path = WeatherForecast.swift; sourceTree = "<group>"; };
		64FA5CBB216A58A5005928A0 /* String+Extention.swift */ = {isa = PBXFileReference; lastKnownFileType = sourcecode.swift; path = "String+Extention.swift"; sourceTree = "<group>"; };
		64FA5CBD216A8ADC005928A0 /* Array+Extension.swift */ = {isa = PBXFileReference; lastKnownFileType = sourcecode.swift; path = "Array+Extension.swift"; sourceTree = "<group>"; };
		64FA6357216D03F000515ABE /* GetWeatherJSON.swift */ = {isa = PBXFileReference; lastKnownFileType = sourcecode.swift; path = GetWeatherJSON.swift; sourceTree = "<group>"; };
		64FAA1EE2167B43E0004B8EF /* Settings.swift */ = {isa = PBXFileReference; lastKnownFileType = sourcecode.swift; path = Settings.swift; sourceTree = "<group>"; };
		64FAE2FA216E515A00860D6F /* JSONWeatherParsingProtocol.swift */ = {isa = PBXFileReference; lastKnownFileType = sourcecode.swift; path = JSONWeatherParsingProtocol.swift; sourceTree = "<group>"; };
		64FCC07C217A55F600AFDB22 /* Reachability.swift */ = {isa = PBXFileReference; lastKnownFileType = sourcecode.swift; path = Reachability.swift; sourceTree = "<group>"; };
		8562AD4BC30C4C24598A0417 /* Pods-Weather App.debug.xcconfig */ = {isa = PBXFileReference; includeInIndex = 1; lastKnownFileType = text.xcconfig; name = "Pods-Weather App.debug.xcconfig"; path = "Pods/Target Support Files/Pods-Weather App/Pods-Weather App.debug.xcconfig"; sourceTree = "<group>"; };
		8FBB898D3572B7039940026A /* Pods-Weather App.release.xcconfig */ = {isa = PBXFileReference; includeInIndex = 1; lastKnownFileType = text.xcconfig; name = "Pods-Weather App.release.xcconfig"; path = "Pods/Target Support Files/Pods-Weather App/Pods-Weather App.release.xcconfig"; sourceTree = "<group>"; };
		96F68E9BBEA3229C589B675C /* Pods_Weather_App.framework */ = {isa = PBXFileReference; explicitFileType = wrapper.framework; includeInIndex = 0; path = Pods_Weather_App.framework; sourceTree = BUILT_PRODUCTS_DIR; };
/* End PBXFileReference section */

/* Begin PBXFrameworksBuildPhase section */
		64F39B622163C9EC0075E1AE /* Frameworks */ = {
			isa = PBXFrameworksBuildPhase;
			buildActionMask = 2147483647;
			files = (
				B63D6660CD16C714EE52F7AB /* Pods_Weather_App.framework in Frameworks */,
			);
			runOnlyForDeploymentPostprocessing = 0;
		};
/* End PBXFrameworksBuildPhase section */

/* Begin PBXGroup section */
		125869F8D29A5993B729D8E0 /* Pods */ = {
			isa = PBXGroup;
			children = (
				8562AD4BC30C4C24598A0417 /* Pods-Weather App.debug.xcconfig */,
				8FBB898D3572B7039940026A /* Pods-Weather App.release.xcconfig */,
			);
			name = Pods;
			sourceTree = "<group>";
		};
		518268D226090446995C4AB2 /* Frameworks */ = {
			isa = PBXGroup;
			children = (
				96F68E9BBEA3229C589B675C /* Pods_Weather_App.framework */,
			);
			name = Frameworks;
			sourceTree = "<group>";
		};
		6458A9642167CA4B0071D81F /* Support Classes */ = {
			isa = PBXGroup;
			children = (
				64F5C089216519D800CF0CF7 /* UIColor+Extension.swift */,
				64FAA1EE2167B43E0004B8EF /* Settings.swift */,
				64893A6221655167008FAB0C /* ColumnFlowLayout.swift */,
				64FA5CBB216A58A5005928A0 /* String+Extention.swift */,
				64FA5CBD216A8ADC005928A0 /* Array+Extension.swift */,
				64FA4C43216BB42E00A13CFE /* Date+Extension.swift */,
				64FA6357216D03F000515ABE /* GetWeatherJSON.swift */,
				64FAE2FA216E515A00860D6F /* JSONWeatherParsingProtocol.swift */,
				6408EF9321751F15002D0817 /* ConvertToNSManagedObject.swift */,
				6408EF95217523FB002D0817 /* Float+Extensions.swift */,
				64FCC07C217A55F600AFDB22 /* Reachability.swift */,
			);
			path = "Support Classes";
			sourceTree = "<group>";
		};
		64F39B5C2163C9EC0075E1AE = {
			isa = PBXGroup;
			children = (
				64F39B672163C9EC0075E1AE /* Weather App */,
				64F39B662163C9EC0075E1AE /* Products */,
				518268D226090446995C4AB2 /* Frameworks */,
				125869F8D29A5993B729D8E0 /* Pods */,
			);
			sourceTree = "<group>";
		};
		64F39B662163C9EC0075E1AE /* Products */ = {
			isa = PBXGroup;
			children = (
				64F39B652163C9EC0075E1AE /* Weather App.app */,
			);
			name = Products;
			sourceTree = "<group>";
		};
		64F39B672163C9EC0075E1AE /* Weather App */ = {
			isa = PBXGroup;
			children = (
				64F39B682163C9EC0075E1AE /* AppDelegate.swift */,
				64FA5CB4216A08FD005928A0 /* Model */,
				64FAA1F02167C8590004B8EF /* Controllers */,
				64FAA1F12167C9010004B8EF /* View */,
				6458A9642167CA4B0071D81F /* Support Classes */,
				64F39B772163C9EE0075E1AE /* Info.plist */,
				64FA4C45216BBD6500A13CFE /* Assets.xcassets */,
				64A8269421688E820099901F /* major_cities.json */,
			);
			path = "Weather App";
			sourceTree = "<group>";
		};
		64FA5CB4216A08FD005928A0 /* Model */ = {
			isa = PBXGroup;
			children = (
				64FA5CB5216A0926005928A0 /* WeatherData.swift */,
				64FA5CB9216A4EC6005928A0 /* WeatherForecast.swift */,
				640175742174EDC600CF976E /* DataController.swift */,
				64F9FED12177BEBC00F5A51F /* WeatherForecast+Extension.swift */,
				64F9FED32177C86400F5A51F /* Weather+Extension.swift */,
				64F39B6F2163C9EC0075E1AE /* Weather_App.xcdatamodeld */,
			);
			path = Model;
			sourceTree = "<group>";
		};
		64FAA1F02167C8590004B8EF /* Controllers */ = {
			isa = PBXGroup;
			children = (
				64F39B7D2163D2580075E1AE /* CitiesViewController.swift */,
				64F39B85216402FD0075E1AE /* CityDetailViewController.swift */,
				64D8ABC3216671CA001540CF /* SelectCityViewController.swift */,
			);
			path = Controllers;
			sourceTree = "<group>";
		};
		64FAA1F12167C9010004B8EF /* View */ = {
			isa = PBXGroup;
			children = (
				64893A6421655536008FAB0C /* ForecastCell.swift */,
				64F39B812163F8A40075E1AE /* CityCell.swift */,
				64F39B6C2163C9EC0075E1AE /* Main.storyboard */,
				64F39B742163C9EE0075E1AE /* LaunchScreen.storyboard */,
			);
			path = View;
			sourceTree = "<group>";
		};
/* End PBXGroup section */

/* Begin PBXNativeTarget section */
		64F39B642163C9EC0075E1AE /* Weather App */ = {
			isa = PBXNativeTarget;
			buildConfigurationList = 64F39B7A2163C9EE0075E1AE /* Build configuration list for PBXNativeTarget "Weather App" */;
			buildPhases = (
				586FCE7C1A02AE9E74C08A9C /* [CP] Check Pods Manifest.lock */,
				64F39B612163C9EC0075E1AE /* Sources */,
				64F39B622163C9EC0075E1AE /* Frameworks */,
				64F39B632163C9EC0075E1AE /* Resources */,
				7C6976B556CBB945087E2FF9 /* [CP] Embed Pods Frameworks */,
			);
			buildRules = (
			);
			dependencies = (
			);
			name = "Weather App";
			productName = "Weather App";
			productReference = 64F39B652163C9EC0075E1AE /* Weather App.app */;
			productType = "com.apple.product-type.application";
		};
/* End PBXNativeTarget section */

/* Begin PBXProject section */
		64F39B5D2163C9EC0075E1AE /* Project object */ = {
			isa = PBXProject;
			attributes = {
				LastSwiftUpdateCheck = 1000;
				LastUpgradeCheck = 1000;
				ORGANIZATIONNAME = "Stas Shetko";
				TargetAttributes = {
					64F39B642163C9EC0075E1AE = {
						CreatedOnToolsVersion = 10.0;
					};
				};
			};
			buildConfigurationList = 64F39B602163C9EC0075E1AE /* Build configuration list for PBXProject "Weather App" */;
			compatibilityVersion = "Xcode 9.3";
			developmentRegion = en;
			hasScannedForEncodings = 0;
			knownRegions = (
				en,
				Base,
			);
			mainGroup = 64F39B5C2163C9EC0075E1AE;
			productRefGroup = 64F39B662163C9EC0075E1AE /* Products */;
			projectDirPath = "";
			projectRoot = "";
			targets = (
				64F39B642163C9EC0075E1AE /* Weather App */,
			);
		};
/* End PBXProject section */

/* Begin PBXResourcesBuildPhase section */
		64F39B632163C9EC0075E1AE /* Resources */ = {
			isa = PBXResourcesBuildPhase;
			buildActionMask = 2147483647;
			files = (
				64F39B762163C9EE0075E1AE /* LaunchScreen.storyboard in Resources */,
				64A8269521688E820099901F /* major_cities.json in Resources */,
				64FA4C46216BBD6500A13CFE /* Assets.xcassets in Resources */,
				64F39B6E2163C9EC0075E1AE /* Main.storyboard in Resources */,
			);
			runOnlyForDeploymentPostprocessing = 0;
		};
/* End PBXResourcesBuildPhase section */

/* Begin PBXShellScriptBuildPhase section */
		586FCE7C1A02AE9E74C08A9C /* [CP] Check Pods Manifest.lock */ = {
			isa = PBXShellScriptBuildPhase;
			buildActionMask = 2147483647;
			files = (
			);
			inputPaths = (
				"${PODS_PODFILE_DIR_PATH}/Podfile.lock",
				"${PODS_ROOT}/Manifest.lock",
			);
			name = "[CP] Check Pods Manifest.lock";
			outputPaths = (
				"$(DERIVED_FILE_DIR)/Pods-Weather App-checkManifestLockResult.txt",
			);
			runOnlyForDeploymentPostprocessing = 0;
			shellPath = /bin/sh;
			shellScript = "diff \"${PODS_PODFILE_DIR_PATH}/Podfile.lock\" \"${PODS_ROOT}/Manifest.lock\" > /dev/null\nif [ $? != 0 ] ; then\n    # print error to STDERR\n    echo \"error: The sandbox is not in sync with the Podfile.lock. Run 'pod install' or update your CocoaPods installation.\" >&2\n    exit 1\nfi\n# This output is used by Xcode 'outputs' to avoid re-running this script phase.\necho \"SUCCESS\" > \"${SCRIPT_OUTPUT_FILE_0}\"\n";
			showEnvVarsInLog = 0;
		};
		7C6976B556CBB945087E2FF9 /* [CP] Embed Pods Frameworks */ = {
			isa = PBXShellScriptBuildPhase;
			buildActionMask = 2147483647;
			files = (
			);
			inputPaths = (
				"${SRCROOT}/Pods/Target Support Files/Pods-Weather App/Pods-Weather App-frameworks.sh",
				"${BUILT_PRODUCTS_DIR}/Alamofire/Alamofire.framework",
				"${BUILT_PRODUCTS_DIR}/SwiftyJSON/SwiftyJSON.framework",
			);
			name = "[CP] Embed Pods Frameworks";
			outputPaths = (
				"${TARGET_BUILD_DIR}/${FRAMEWORKS_FOLDER_PATH}/Alamofire.framework",
				"${TARGET_BUILD_DIR}/${FRAMEWORKS_FOLDER_PATH}/SwiftyJSON.framework",
			);
			runOnlyForDeploymentPostprocessing = 0;
			shellPath = /bin/sh;
			shellScript = "\"${SRCROOT}/Pods/Target Support Files/Pods-Weather App/Pods-Weather App-frameworks.sh\"\n";
			showEnvVarsInLog = 0;
		};
/* End PBXShellScriptBuildPhase section */

/* Begin PBXSourcesBuildPhase section */
		64F39B612163C9EC0075E1AE /* Sources */ = {
			isa = PBXSourcesBuildPhase;
			buildActionMask = 2147483647;
			files = (
				64D8ABC4216671CA001540CF /* SelectCityViewController.swift in Sources */,
				64FA6358216D03F000515ABE /* GetWeatherJSON.swift in Sources */,
				64F39B7E2163D2580075E1AE /* CitiesViewController.swift in Sources */,
				64F39B86216402FD0075E1AE /* CityDetailViewController.swift in Sources */,
				640175752174EDC600CF976E /* DataController.swift in Sources */,
				64F39B712163C9EC0075E1AE /* Weather_App.xcdatamodeld in Sources */,
				64FA4C44216BB42E00A13CFE /* Date+Extension.swift in Sources */,
				6408EF96217523FB002D0817 /* Float+Extensions.swift in Sources */,
				6408EF9421751F15002D0817 /* ConvertToNSManagedObject.swift in Sources */,
				64F9FED42177C86400F5A51F /* Weather+Extension.swift in Sources */,
				64FA5CBC216A58A5005928A0 /* String+Extention.swift in Sources */,
				64FA5CBE216A8ADC005928A0 /* Array+Extension.swift in Sources */,
				64893A6521655536008FAB0C /* ForecastCell.swift in Sources */,
				64FA5CB6216A0926005928A0 /* WeatherData.swift in Sources */,
				64FA5CBA216A4EC6005928A0 /* WeatherForecast.swift in Sources */,
				64F5C08A216519D800CF0CF7 /* UIColor+Extension.swift in Sources */,
				64893A6321655167008FAB0C /* ColumnFlowLayout.swift in Sources */,
				64F39B832163F8A40075E1AE /* CityCell.swift in Sources */,
				64FAA1EF2167B43E0004B8EF /* Settings.swift in Sources */,
				64FAE2FB216E515A00860D6F /* JSONWeatherParsingProtocol.swift in Sources */,
				64F9FED22177BEBC00F5A51F /* WeatherForecast+Extension.swift in Sources */,
				64FCC07D217A55F600AFDB22 /* Reachability.swift in Sources */,
				64F39B692163C9EC0075E1AE /* AppDelegate.swift in Sources */,
			);
			runOnlyForDeploymentPostprocessing = 0;
		};
/* End PBXSourcesBuildPhase section */

/* Begin PBXVariantGroup section */
		64F39B6C2163C9EC0075E1AE /* Main.storyboard */ = {
			isa = PBXVariantGroup;
			children = (
				64F39B6D2163C9EC0075E1AE /* Base */,
			);
			name = Main.storyboard;
			sourceTree = "<group>";
		};
		64F39B742163C9EE0075E1AE /* LaunchScreen.storyboard */ = {
			isa = PBXVariantGroup;
			children = (
				64F39B752163C9EE0075E1AE /* Base */,
			);
			name = LaunchScreen.storyboard;
			sourceTree = "<group>";
		};
/* End PBXVariantGroup section */

/* Begin XCBuildConfiguration section */
		64F39B782163C9EE0075E1AE /* Debug */ = {
			isa = XCBuildConfiguration;
			buildSettings = {
				ALWAYS_SEARCH_USER_PATHS = NO;
				CLANG_ANALYZER_NONNULL = YES;
				CLANG_ANALYZER_NUMBER_OBJECT_CONVERSION = YES_AGGRESSIVE;
				CLANG_CXX_LANGUAGE_STANDARD = "gnu++14";
				CLANG_CXX_LIBRARY = "libc++";
				CLANG_ENABLE_MODULES = YES;
				CLANG_ENABLE_OBJC_ARC = YES;
				CLANG_ENABLE_OBJC_WEAK = YES;
				CLANG_WARN_BLOCK_CAPTURE_AUTORELEASING = YES;
				CLANG_WARN_BOOL_CONVERSION = YES;
				CLANG_WARN_COMMA = YES;
				CLANG_WARN_CONSTANT_CONVERSION = YES;
				CLANG_WARN_DEPRECATED_OBJC_IMPLEMENTATIONS = YES;
				CLANG_WARN_DIRECT_OBJC_ISA_USAGE = YES_ERROR;
				CLANG_WARN_DOCUMENTATION_COMMENTS = YES;
				CLANG_WARN_EMPTY_BODY = YES;
				CLANG_WARN_ENUM_CONVERSION = YES;
				CLANG_WARN_INFINITE_RECURSION = YES;
				CLANG_WARN_INT_CONVERSION = YES;
				CLANG_WARN_NON_LITERAL_NULL_CONVERSION = YES;
				CLANG_WARN_OBJC_IMPLICIT_RETAIN_SELF = YES;
				CLANG_WARN_OBJC_LITERAL_CONVERSION = YES;
				CLANG_WARN_OBJC_ROOT_CLASS = YES_ERROR;
				CLANG_WARN_RANGE_LOOP_ANALYSIS = YES;
				CLANG_WARN_STRICT_PROTOTYPES = YES;
				CLANG_WARN_SUSPICIOUS_MOVE = YES;
				CLANG_WARN_UNGUARDED_AVAILABILITY = YES_AGGRESSIVE;
				CLANG_WARN_UNREACHABLE_CODE = YES;
				CLANG_WARN__DUPLICATE_METHOD_MATCH = YES;
				CODE_SIGN_IDENTITY = "iPhone Developer";
				COPY_PHASE_STRIP = NO;
				DEBUG_INFORMATION_FORMAT = dwarf;
				ENABLE_STRICT_OBJC_MSGSEND = YES;
				ENABLE_TESTABILITY = YES;
				GCC_C_LANGUAGE_STANDARD = gnu11;
				GCC_DYNAMIC_NO_PIC = NO;
				GCC_NO_COMMON_BLOCKS = YES;
				GCC_OPTIMIZATION_LEVEL = 0;
				GCC_PREPROCESSOR_DEFINITIONS = (
					"DEBUG=1",
					"$(inherited)",
				);
				GCC_WARN_64_TO_32_BIT_CONVERSION = YES;
				GCC_WARN_ABOUT_RETURN_TYPE = YES_ERROR;
				GCC_WARN_UNDECLARED_SELECTOR = YES;
				GCC_WARN_UNINITIALIZED_AUTOS = YES_AGGRESSIVE;
				GCC_WARN_UNUSED_FUNCTION = YES;
				GCC_WARN_UNUSED_VARIABLE = YES;
				IPHONEOS_DEPLOYMENT_TARGET = 12.0;
				MTL_ENABLE_DEBUG_INFO = INCLUDE_SOURCE;
				MTL_FAST_MATH = YES;
				ONLY_ACTIVE_ARCH = YES;
				SDKROOT = iphoneos;
				SWIFT_ACTIVE_COMPILATION_CONDITIONS = DEBUG;
				SWIFT_OPTIMIZATION_LEVEL = "-Onone";
			};
			name = Debug;
		};
		64F39B792163C9EE0075E1AE /* Release */ = {
			isa = XCBuildConfiguration;
			buildSettings = {
				ALWAYS_SEARCH_USER_PATHS = NO;
				CLANG_ANALYZER_NONNULL = YES;
				CLANG_ANALYZER_NUMBER_OBJECT_CONVERSION = YES_AGGRESSIVE;
				CLANG_CXX_LANGUAGE_STANDARD = "gnu++14";
				CLANG_CXX_LIBRARY = "libc++";
				CLANG_ENABLE_MODULES = YES;
				CLANG_ENABLE_OBJC_ARC = YES;
				CLANG_ENABLE_OBJC_WEAK = YES;
				CLANG_WARN_BLOCK_CAPTURE_AUTORELEASING = YES;
				CLANG_WARN_BOOL_CONVERSION = YES;
				CLANG_WARN_COMMA = YES;
				CLANG_WARN_CONSTANT_CONVERSION = YES;
				CLANG_WARN_DEPRECATED_OBJC_IMPLEMENTATIONS = YES;
				CLANG_WARN_DIRECT_OBJC_ISA_USAGE = YES_ERROR;
				CLANG_WARN_DOCUMENTATION_COMMENTS = YES;
				CLANG_WARN_EMPTY_BODY = YES;
				CLANG_WARN_ENUM_CONVERSION = YES;
				CLANG_WARN_INFINITE_RECURSION = YES;
				CLANG_WARN_INT_CONVERSION = YES;
				CLANG_WARN_NON_LITERAL_NULL_CONVERSION = YES;
				CLANG_WARN_OBJC_IMPLICIT_RETAIN_SELF = YES;
				CLANG_WARN_OBJC_LITERAL_CONVERSION = YES;
				CLANG_WARN_OBJC_ROOT_CLASS = YES_ERROR;
				CLANG_WARN_RANGE_LOOP_ANALYSIS = YES;
				CLANG_WARN_STRICT_PROTOTYPES = YES;
				CLANG_WARN_SUSPICIOUS_MOVE = YES;
				CLANG_WARN_UNGUARDED_AVAILABILITY = YES_AGGRESSIVE;
				CLANG_WARN_UNREACHABLE_CODE = YES;
				CLANG_WARN__DUPLICATE_METHOD_MATCH = YES;
				CODE_SIGN_IDENTITY = "iPhone Developer";
				COPY_PHASE_STRIP = NO;
				DEBUG_INFORMATION_FORMAT = "dwarf-with-dsym";
				ENABLE_NS_ASSERTIONS = NO;
				ENABLE_STRICT_OBJC_MSGSEND = YES;
				GCC_C_LANGUAGE_STANDARD = gnu11;
				GCC_NO_COMMON_BLOCKS = YES;
				GCC_WARN_64_TO_32_BIT_CONVERSION = YES;
				GCC_WARN_ABOUT_RETURN_TYPE = YES_ERROR;
				GCC_WARN_UNDECLARED_SELECTOR = YES;
				GCC_WARN_UNINITIALIZED_AUTOS = YES_AGGRESSIVE;
				GCC_WARN_UNUSED_FUNCTION = YES;
				GCC_WARN_UNUSED_VARIABLE = YES;
				IPHONEOS_DEPLOYMENT_TARGET = 12.0;
				MTL_ENABLE_DEBUG_INFO = NO;
				MTL_FAST_MATH = YES;
				SDKROOT = iphoneos;
				SWIFT_COMPILATION_MODE = wholemodule;
				SWIFT_OPTIMIZATION_LEVEL = "-O";
				VALIDATE_PRODUCT = YES;
			};
			name = Release;
		};
		64F39B7B2163C9EE0075E1AE /* Debug */ = {
			isa = XCBuildConfiguration;
			baseConfigurationReference = 8562AD4BC30C4C24598A0417 /* Pods-Weather App.debug.xcconfig */;
			buildSettings = {
				ASSETCATALOG_COMPILER_APPICON_NAME = AppIcon;
				CODE_SIGN_STYLE = Automatic;
				DEVELOPMENT_TEAM = N79P374CLG;
				INFOPLIST_FILE = "Weather App/Info.plist";
				IPHONEOS_DEPLOYMENT_TARGET = 11.0;
				LD_RUNPATH_SEARCH_PATHS = (
					"$(inherited)",
					"@executable_path/Frameworks",
				);
				PRODUCT_BUNDLE_IDENTIFIER = "com.stasshetko.Weather-App";
				PRODUCT_NAME = "$(TARGET_NAME)";
				SWIFT_VERSION = 4.2;
				TARGETED_DEVICE_FAMILY = "1,2";
			};
			name = Debug;
		};
		64F39B7C2163C9EE0075E1AE /* Release */ = {
			isa = XCBuildConfiguration;
			baseConfigurationReference = 8FBB898D3572B7039940026A /* Pods-Weather App.release.xcconfig */;
			buildSettings = {
				ASSETCATALOG_COMPILER_APPICON_NAME = AppIcon;
				CODE_SIGN_STYLE = Automatic;
				DEVELOPMENT_TEAM = N79P374CLG;
				INFOPLIST_FILE = "Weather App/Info.plist";
				IPHONEOS_DEPLOYMENT_TARGET = 11.0;
				LD_RUNPATH_SEARCH_PATHS = (
					"$(inherited)",
					"@executable_path/Frameworks",
				);
				PRODUCT_BUNDLE_IDENTIFIER = "com.stasshetko.Weather-App";
				PRODUCT_NAME = "$(TARGET_NAME)";
				SWIFT_VERSION = 4.2;
				TARGETED_DEVICE_FAMILY = "1,2";
			};
			name = Release;
		};
/* End XCBuildConfiguration section */

/* Begin XCConfigurationList section */
		64F39B602163C9EC0075E1AE /* Build configuration list for PBXProject "Weather App" */ = {
			isa = XCConfigurationList;
			buildConfigurations = (
				64F39B782163C9EE0075E1AE /* Debug */,
				64F39B792163C9EE0075E1AE /* Release */,
			);
			defaultConfigurationIsVisible = 0;
			defaultConfigurationName = Release;
		};
		64F39B7A2163C9EE0075E1AE /* Build configuration list for PBXNativeTarget "Weather App" */ = {
			isa = XCConfigurationList;
			buildConfigurations = (
				64F39B7B2163C9EE0075E1AE /* Debug */,
				64F39B7C2163C9EE0075E1AE /* Release */,
			);
			defaultConfigurationIsVisible = 0;
			defaultConfigurationName = Release;
		};
/* End XCConfigurationList section */

/* Begin XCVersionGroup section */
		64F39B6F2163C9EC0075E1AE /* Weather_App.xcdatamodeld */ = {
			isa = XCVersionGroup;
			children = (
				64F39B702163C9EC0075E1AE /* Weather_App.xcdatamodel */,
			);
			currentVersion = 64F39B702163C9EC0075E1AE /* Weather_App.xcdatamodel */;
			path = Weather_App.xcdatamodeld;
			sourceTree = "<group>";
			versionGroupType = wrapper.xcdatamodel;
		};
/* End XCVersionGroup section */
	};
	rootObject = 64F39B5D2163C9EC0075E1AE /* Project object */;
}
